Microsoft Visual Studio Solution File, Format Version 12.00
# Visual Studio 15
Project("{8BC9CEB8-8B4A-11D0-8D11-00A0C91BC942}") = "ALL_BUILD", "ALL_BUILD.vcxproj", "{145CD3BF-5607-32E8-984A-A3B103A73F00}"
	ProjectSection(ProjectDependencies) = postProject
		{EA25DAC9-EA94-3449-8B78-1A95FA888886} = {EA25DAC9-EA94-3449-8B78-1A95FA888886}
		{46F29788-CDCF-39EA-837B-BB4AEB8F80DD} = {46F29788-CDCF-39EA-837B-BB4AEB8F80DD}
		{BCA9A3EF-DF37-3DC2-B21F-701FDEB09A94} = {BCA9A3EF-DF37-3DC2-B21F-701FDEB09A94}
		{2A5B1FD8-E811-3DF8-B3EB-534A5BF62AB2} = {2A5B1FD8-E811-3DF8-B3EB-534A5BF62AB2}
		{E3206890-494C-3435-BBDE-37450B114274} = {E3206890-494C-3435-BBDE-37450B114274}
	EndProjectSection
EndProject
Project("{8BC9CEB8-8B4A-11D0-8D11-00A0C91BC942}") = "ZERO_CHECK", "ZERO_CHECK.vcxproj", "{EA25DAC9-EA94-3449-8B78-1A95FA888886}"
	ProjectSection(ProjectDependencies) = postProject
	EndProjectSection
EndProject
Project("{8BC9CEB8-8B4A-11D0-8D11-00A0C91BC942}") = "firmatacpp", "firmatacpp.vcxproj", "{46F29788-CDCF-39EA-837B-BB4AEB8F80DD}"
	ProjectSection(ProjectDependencies) = postProject
		{EA25DAC9-EA94-3449-8B78-1A95FA888886} = {EA25DAC9-EA94-3449-8B78-1A95FA888886}
		{BCA9A3EF-DF37-3DC2-B21F-701FDEB09A94} = {BCA9A3EF-DF37-3DC2-B21F-701FDEB09A94}
	EndProjectSection
EndProject
Project("{8BC9CEB8-8B4A-11D0-8D11-00A0C91BC942}") = "serial", "vendor\serial\serial.vcxproj", "{BCA9A3EF-DF37-3DC2-B21F-701FDEB09A94}"
	ProjectSection(ProjectDependencies) = postProject
		{EA25DAC9-EA94-3449-8B78-1A95FA888886} = {EA25DAC9-EA94-3449-8B78-1A95FA888886}
	EndProjectSection
EndProject
Project("{8BC9CEB8-8B4A-11D0-8D11-00A0C91BC942}") = "serial_example", "vendor\serial\serial_example.vcxproj", "{2A5B1FD8-E811-3DF8-B3EB-534A5BF62AB2}"
	ProjectSection(ProjectDependencies) = postProject
		{EA25DAC9-EA94-3449-8B78-1A95FA888886} = {EA25DAC9-EA94-3449-8B78-1A95FA888886}
		{BCA9A3EF-DF37-3DC2-B21F-701FDEB09A94} = {BCA9A3EF-DF37-3DC2-B21F-701FDEB09A94}
	EndProjectSection
EndProject
Project("{8BC9CEB8-8B4A-11D0-8D11-00A0C91BC942}") = "simple_example", "simple_example.vcxproj", "{E3206890-494C-3435-BBDE-37450B114274}"
	ProjectSection(ProjectDependencies) = postProject
		{EA25DAC9-EA94-3449-8B78-1A95FA888886} = {EA25DAC9-EA94-3449-8B78-1A95FA888886}
		{46F29788-CDCF-39EA-837B-BB4AEB8F80DD} = {46F29788-CDCF-39EA-837B-BB4AEB8F80DD}
		{BCA9A3EF-DF37-3DC2-B21F-701FDEB09A94} = {BCA9A3EF-DF37-3DC2-B21F-701FDEB09A94}
	EndProjectSection
EndProject
Global
	GlobalSection(SolutionConfigurationPlatforms) = preSolution
		Debug|Win32 = Debug|Win32
		Release|Win32 = Release|Win32
		MinSizeRel|Win32 = MinSizeRel|Win32
		RelWithDebInfo|Win32 = RelWithDebInfo|Win32
	EndGlobalSection
	GlobalSection(ProjectConfigurationPlatforms) = postSolution
		{145CD3BF-5607-32E8-984A-A3B103A73F00}.Debug|Win32.ActiveCfg = Debug|Win32
		{145CD3BF-5607-32E8-984A-A3B103A73F00}.Release|Win32.ActiveCfg = Release|Win32
		{145CD3BF-5607-32E8-984A-A3B103A73F00}.MinSizeRel|Win32.ActiveCfg = MinSizeRel|Win32
		{145CD3BF-5607-32E8-984A-A3B103A73F00}.RelWithDebInfo|Win32.ActiveCfg = RelWithDebInfo|Win32
		{EA25DAC9-EA94-3449-8B78-1A95FA888886}.Debug|Win32.ActiveCfg = Debug|Win32
		{EA25DAC9-EA94-3449-8B78-1A95FA888886}.Debug|Win32.Build.0 = Debug|Win32
		{EA25DAC9-EA94-3449-8B78-1A95FA888886}.Release|Win32.ActiveCfg = Release|Win32
		{EA25DAC9-EA94-3449-8B78-1A95FA888886}.Release|Win32.Build.0 = Release|Win32
		{EA25DAC9-EA94-3449-8B78-1A95FA888886}.MinSizeRel|Win32.ActiveCfg = MinSizeRel|Win32
		{EA25DAC9-EA94-3449-8B78-1A95FA888886}.MinSizeRel|Win32.Build.0 = MinSizeRel|Win32
		{EA25DAC9-EA94-3449-8B78-1A95FA888886}.RelWithDebInfo|Win32.ActiveCfg = RelWithDebInfo|Win32
		{EA25DAC9-EA94-3449-8B78-1A95FA888886}.RelWithDebInfo|Win32.Build.0 = RelWithDebInfo|Win32
		{46F29788-CDCF-39EA-837B-BB4AEB8F80DD}.Debug|Win32.ActiveCfg = Debug|Win32
		{46F29788-CDCF-39EA-837B-BB4AEB8F80DD}.Debug|Win32.Build.0 = Debug|Win32
		{46F29788-CDCF-39EA-837B-BB4AEB8F80DD}.Release|Win32.ActiveCfg = Release|Win32
		{46F29788-CDCF-39EA-837B-BB4AEB8F80DD}.Release|Win32.Build.0 = Release|Win32
		{46F29788-CDCF-39EA-837B-BB4AEB8F80DD}.MinSizeRel|Win32.ActiveCfg = MinSizeRel|Win32
		{46F29788-CDCF-39EA-837B-BB4AEB8F80DD}.MinSizeRel|Win32.Build.0 = MinSizeRel|Win32
		{46F29788-CDCF-39EA-837B-BB4AEB8F80DD}.RelWithDebInfo|Win32.ActiveCfg = RelWithDebInfo|Win32
		{46F29788-CDCF-39EA-837B-BB4AEB8F80DD}.RelWithDebInfo|Win32.Build.0 = RelWithDebInfo|Win32
		{BCA9A3EF-DF37-3DC2-B21F-701FDEB09A94}.Debug|Win32.ActiveCfg = Debug|Win32
		{BCA9A3EF-DF37-3DC2-B21F-701FDEB09A94}.Debug|Win32.Build.0 = Debug|Win32
		{BCA9A3EF-DF37-3DC2-B21F-701FDEB09A94}.Release|Win32.ActiveCfg = Release|Win32
		{BCA9A3EF-DF37-3DC2-B21F-701FDEB09A94}.Release|Win32.Build.0 = Release|Win32
		{BCA9A3EF-DF37-3DC2-B21F-701FDEB09A94}.MinSizeRel|Win32.ActiveCfg = MinSizeRel|Win32
		{BCA9A3EF-DF37-3DC2-B21F-701FDEB09A94}.MinSizeRel|Win32.Build.0 = MinSizeRel|Win32
		{BCA9A3EF-DF37-3DC2-B21F-701FDEB09A94}.RelWithDebInfo|Win32.ActiveCfg = RelWithDebInfo|Win32
		{BCA9A3EF-DF37-3DC2-B21F-701FDEB09A94}.RelWithDebInfo|Win32.Build.0 = RelWithDebInfo|Win32
		{2A5B1FD8-E811-3DF8-B3EB-534A5BF62AB2}.Debug|Win32.ActiveCfg = Debug|Win32
		{2A5B1FD8-E811-3DF8-B3EB-534A5BF62AB2}.Debug|Win32.Build.0 = Debug|Win32
		{2A5B1FD8-E811-3DF8-B3EB-534A5BF62AB2}.Release|Win32.ActiveCfg = Release|Win32
		{2A5B1FD8-E811-3DF8-B3EB-534A5BF62AB2}.Release|Win32.Build.0 = Release|Win32
		{2A5B1FD8-E811-3DF8-B3EB-534A5BF62AB2}.MinSizeRel|Win32.ActiveCfg = MinSizeRel|Win32
		{2A5B1FD8-E811-3DF8-B3EB-534A5BF62AB2}.MinSizeRel|Win32.Build.0 = MinSizeRel|Win32
		{2A5B1FD8-E811-3DF8-B3EB-534A5BF62AB2}.RelWithDebInfo|Win32.ActiveCfg = RelWithDebInfo|Win32
		{2A5B1FD8-E811-3DF8-B3EB-534A5BF62AB2}.RelWithDebInfo|Win32.Build.0 = RelWithDebInfo|Win32
		{E3206890-494C-3435-BBDE-37450B114274}.Debug|Win32.ActiveCfg = Debug|Win32
		{E3206890-494C-3435-BBDE-37450B114274}.Debug|Win32.Build.0 = Debug|Win32
		{E3206890-494C-3435-BBDE-37450B114274}.Release|Win32.ActiveCfg = Release|Win32
		{E3206890-494C-3435-BBDE-37450B114274}.Release|Win32.Build.0 = Release|Win32
		{E3206890-494C-3435-BBDE-37450B114274}.MinSizeRel|Win32.ActiveCfg = MinSizeRel|Win32
		{E3206890-494C-3435-BBDE-37450B114274}.MinSizeRel|Win32.Build.0 = MinSizeRel|Win32
		{E3206890-494C-3435-BBDE-37450B114274}.RelWithDebInfo|Win32.ActiveCfg = RelWithDebInfo|Win32
		{E3206890-494C-3435-BBDE-37450B114274}.RelWithDebInfo|Win32.Build.0 = RelWithDebInfo|Win32
	EndGlobalSection
	GlobalSection(ExtensibilityGlobals) = postSolution
		SolutionGuid = {5417DAF3-58DB-382A-9930-E666C82C4D47}
	EndGlobalSection
	GlobalSection(ExtensibilityAddIns) = postSolution
	EndGlobalSection
EndGlobal
